{
  "name": "kinetic-crm-shared",
  "version": "0.1.0",
  "lockfileVersion": 3,
  "requires": true,
  "packages": {
    "": {
      "name": "kinetic-crm-shared",
      "version": "0.1.0",
      "dependencies": {
        "kinetic-crm": "file:..",
        "zod": "^3.x"
      },
      "devDependencies": {
        "typescript": "~5.8.2"
      }
    },
    "..": {
      "name": "kinetic-crm",
      "version": "0.1.0",
      "dependencies": {
        "@hookform/resolvers": "^3.x",
        "@tanstack/react-query": "^5.x",
        "axios": "^1.x",
        "date-fns": "^3.x",
        "lucide-react": "^0.546.0",
        "react": "^19.0.1",
        "react-dom": "^19.0.1",
        "react-hook-form": "^7.x",
        "react-hot-toast": "^2.x",
        "react-router-dom": "^7.18.0",
        "zod": "^3.x",
        "zustand": "^4.x"
      },
      "devDependencies": {
        "@tailwindcss/vite": "^4.1.14",
        "@types/react": "^19.x",
        "@types/react-dom": "^19.x",
        "@vitejs/plugin-react": "^5.0.4",
        "tailwindcss": "^4.1.14",
        "typescript": "~5.8.2",
        "vite": "^6.2.3"
      }
    },
    "node_modules/kinetic-crm": {
      "resolved": "..",
      "link": true
    },
    "node_modules/typescript": {
      "version": "5.8.3",
      "resolved": "https://registry.npmjs.org/typescript/-/typescript-5.8.3.tgz",
      "integrity": "sha512-p1diW6TqL9L07nNxvRMM7hMMw4c5XOo/1ibL4aAIGmSAt9slTE1Xgw5KWuof2uTOvCg9BY7ZRi+GaF+7sfgPeQ==",
      "dev": true,
      "license": "Apache-2.0",
      "bin": {
        "tsc": "bin/tsc",
        "tsserver": "bin/tsserver"
      },
      "engines": {
        "node": ">=14.17"
      }
    },
    "node_modules/zod": {
      "version": "3.25.76",
      "resolved": "https://registry.npmjs.org/zod/-/zod-3.25.76.tgz",
      "integrity": "sha512-gzUt/qt81nXsFGKIFcC3YnfEAx5NkunCfnDlvuBSSFS02bcXu4Lmea0AFIUwbLWxWPx3d9p8S5QoaujKcNQxcQ==",
      "license": "MIT",
      "funding": {
        "url": "https://github.com/sponsors/colinhacks"
      }
    }
  }
}
